
Microsoft Visual Studio Solution File, Format Version 12.00
# Visual Studio Version 16
VisualStudioVersion = 16.0.30717.126
MinimumVisualStudioVersion = 10.0.40219.1
Project("{FAE04EC0-301F-11D3-BF4B-00C04F79EFBC}") = "RoboLoan", "RoboLoan\RoboLoan.csproj", "{0B157A46-C184-4024-91B4-0A8305E6FF5A}"
EndProject
Global
	GlobalSection(SolutionConfigurationPlatforms) = preSolution
		Debug|Any CPU = Debug|Any CPU
		Release|Any CPU = Release|Any CPU
	EndGlobalSection
	GlobalSection(ProjectConfigurationPlatforms) = postSolution
		{0B157A46-C184-4024-91B4-0A8305E6FF5A}.Debug|Any CPU.ActiveCfg = Debug|Any CPU
		{0B157A46-C184-4024-91B4-0A8305E6FF5A}.Debug|Any CPU.Build.0 = Debug|Any CPU
		{0B157A46-C184-4024-91B4-0A8305E6FF5A}.Release|Any CPU.ActiveCfg = Release|Any CPU
		{0B157A46-C184-4024-91B4-0A8305E6FF5A}.Release|Any CPU.Build.0 = Release|Any CPU
	EndGlobalSection
	GlobalSection(SolutionProperties) = preSolution
		HideSolutionNode = FALSE
	EndGlobalSection
	GlobalSection(ExtensibilityGlobals) = postSolution
		SolutionGuid = {72B65A29-6AA5-4DB3-9393-2B0AA253C28E}
	EndGlobalSection
EndGlobal
